
Microsoft Visual Studio Solution File, Format Version 12.00
# Visual Studio Version 17
VisualStudioVersion = 17.8.34330.188
MinimumVisualStudioVersion = 10.0.40219.1
Project("{9A19103F-16F7-4668-BE54-9A1E7A4F7556}") = "cw", "cw\cw.csproj", "{4EBE8D7E-BF5F-4E1A-B9E9-737CB7E73711}"
EndProject
Global
	GlobalSection(SolutionConfigurationPlatforms) = preSolution
		Debug|Any CPU = Debug|Any CPU
		Release|Any CPU = Release|Any CPU
	EndGlobalSection
	GlobalSection(ProjectConfigurationPlatforms) = postSolution
		{4EBE8D7E-BF5F-4E1A-B9E9-737CB7E73711}.Debug|Any CPU.ActiveCfg = Debug|Any CPU
		{4EBE8D7E-BF5F-4E1A-B9E9-737CB7E73711}.Debug|Any CPU.Build.0 = Debug|Any CPU
		{4EBE8D7E-BF5F-4E1A-B9E9-737CB7E73711}.Debug|Any CPU.Deploy.0 = Debug|Any CPU
		{4EBE8D7E-BF5F-4E1A-B9E9-737CB7E73711}.Release|Any CPU.ActiveCfg = Release|Any CPU
		{4EBE8D7E-BF5F-4E1A-B9E9-737CB7E73711}.Release|Any CPU.Build.0 = Release|Any CPU
		{4EBE8D7E-BF5F-4E1A-B9E9-737CB7E73711}.Release|Any CPU.Deploy.0 = Release|Any CPU
	EndGlobalSection
	GlobalSection(SolutionProperties) = preSolution
		HideSolutionNode = FALSE
	EndGlobalSection
	GlobalSection(ExtensibilityGlobals) = postSolution
		SolutionGuid = {D1DDA971-8ADF-4D74-8A39-4D8AAD5E3445}
	EndGlobalSection
EndGlobal
